{
  "requires": true,
  "lockfileVersion": 1,
  "dependencies": {
    "font-finder": {
      "version": "1.1.0",
      "resolved": "https://registry.npmjs.org/font-finder/-/font-finder-1.1.0.tgz",
      "integrity": "sha512-wpCL2uIbi6GurJbU7ZlQ3nGd61Ho+dSU6U83/xJT5UPFfN35EeCW/rOtS+5k+IuEZu2SYmHzDIPL9eA5tSYRAw==",
      "requires": {
        "get-system-fonts": "^2.0.0",
        "promise-stream-reader": "^1.0.1"
      }
    },
    "font-ligatures": {
      "version": "1.4.0",
      "resolved": "https://registry.npmjs.org/font-ligatures/-/font-ligatures-1.4.0.tgz",
      "integrity": "sha512-n7DFnnEpJ0NrVoLqZIL4tMGVs+CnFwQc92m80LWyrbgAFO4x234+t2/H9o4eOYA1eh6ta9dZAEEsJAwsBdNezA==",
      "requires": {
        "font-finder": "^1.0.3",
        "lru-cache": "^6.0.0",
        "opentype.js": "^0.8.0"
      }
    },
    "get-system-fonts": {
      "version": "2.0.2",
      "resolved": "https://registry.npmjs.org/get-system-fonts/-/get-system-fonts-2.0.2.tgz",
      "integrity": "sha512-zzlgaYnHMIEgHRrfC7x0Qp0Ylhw/sHpM6MHXeVBTYIsvGf5GpbnClB+Q6rAPdn+0gd2oZZIo6Tj3EaWrt4VhDQ=="
    },
    "lru-cache": {
      "version": "6.0.0",
      "resolved": "https://registry.npmjs.org/lru-cache/-/lru-cache-6.0.0.tgz",
      "integrity": "sha512-Jo6dJ04CmSjuznwJSS3pUeWmd/H0ffTlkXXgwZi+eq1UCmqQwCh+eLsYOYCwY991i2Fah4h1BEMCx4qThGbsiA==",
      "requires": {
        "yallist": "^4.0.0"
      }
    },
    "opentype.js": {
      "version": "0.8.0",
      "resolved": "https://registry.npmjs.org/opentype.js/-/opentype.js-0.8.0.tgz",
      "integrity": "sha1-rKvPoWQvvolKPk11nkO6aU4CvTU=",
      "requires": {
        "tiny-inflate": "^1.0.2"
      }
    },
    "promise-stream-reader": {
      "version": "1.0.1",
      "resolved": "https://registry.npmjs.org/promise-stream-reader/-/promise-stream-reader-1.0.1.tgz",
      "integrity": "sha512-Tnxit5trUjBAqqZCGWwjyxhmgMN4hGrtpW3Oc/tRI4bpm/O2+ej72BB08l6JBnGQgVDGCLvHFGjGgQS6vzhwXg=="
    },
    "tiny-inflate": {
      "version": "1.0.3",
      "resolved": "https://registry.npmjs.org/tiny-inflate/-/tiny-inflate-1.0.3.tgz",
      "integrity": "sha512-pkY1fj1cKHb2seWDy0B16HeWyczlJA9/WW3u3c4z/NiWDsO3DOU5D7nhTLE9CF0yXv/QZFY7sEJmj24dK+Rrqw=="
    },
    "xterm-addon-ligatures": {
      "version": "0.5.0",
      "resolved": "https://registry.npmjs.org/xterm-addon-ligatures/-/xterm-addon-ligatures-0.5.0.tgz",
      "integrity": "sha512-1HFeEReL2yfw1oz7iZHE09ipWOA23Pg7yRAgDnuKeWkuItKRZZ9SbKXn8saviAkHYX/s6HgADVwPjRY8m2lyZA==",
      "requires": {
        "font-finder": "^1.1.0",
        "font-ligatures": "^1.4.0"
      }
    },
    "yallist": {
      "version": "4.0.0",
      "resolved": "https://registry.npmjs.org/yallist/-/yallist-4.0.0.tgz",
      "integrity": "sha512-3wdGidZyq5PB084XLES5TpOSRA3wjXAlIWMhum2kRcv/41Sn2emQ0dycQW4uZXLejwKvg6EsvbdlVL+FYEct7A=="
    }
  }
}
